<?xml version="1.0" encoding="utf-8"?>
<Project ToolsVersion="4.0" xmlns="http://schemas.microsoft.com/developer/msbuild/2003">
  <ItemGroup>
    <Filter Include="Source Files">
      <UniqueIdentifier>{4FC737F1-C7A5-4376-A066-2A32D752A2FF}</UniqueIdentifier>
      <Extensions>cpp;c;cc;cxx;c++;cppm;ixx;def;odl;idl;hpj;bat;asm;asmx</Extensions>
    </Filter>
    <Filter Include="Header Files">
      <UniqueIdentifier>{93995380-89BD-4b04-88EB-625FBE52EBFB}</UniqueIdentifier>
      <Extensions>h;hh;hpp;hxx;h++;hm;inl;inc;ipp;xsd</Extensions>
    </Filter>
    <Filter Include="Resource Files">
      <UniqueIdentifier>{67DA6AB6-F800-4c08-8B7A-83BB121AAD01}</UniqueIdentifier>
      <Extensions>rc;ico;cur;bmp;dlg;rc2;rct;bin;rgs;gif;jpg;jpeg;jpe;resx;tiff;tif;png;wav;mfcribbon-ms</Extensions>
    </Filter>
    <Filter Include="Header Files\sources">
      <UniqueIdentifier>{21c0a035-15ef-4895-9b06-e934fe1ebb92}</UniqueIdentifier>
    </Filter>
    <Filter Include="Header Files\sources\dllist">
      <UniqueIdentifier>{e81269b1-01fb-4b76-bc65-776ada175c49}</UniqueIdentifier>
    </Filter>
    <Filter Include="Header Files\sources\tests">
      <UniqueIdentifier>{1822f04a-bd4e-47d6-9a32-83ac623694dd}</UniqueIdentifier>
    </Filter>
    <Filter Include="Source Files\sources">
      <UniqueIdentifier>{459078a4-a344-4c4f-a7b7-55e8bd16a618}</UniqueIdentifier>
    </Filter>
    <Filter Include="Source Files\sources\test">
      <UniqueIdentifier>{7bbe9c9b-8c8b-4dc5-ac04-fdf51452c674}</UniqueIdentifier>
    </Filter>
    <Filter Include="Source Files\sources\dllist">
      <UniqueIdentifier>{7b383c9c-82bf-4db1-9b38-ee81ea31565e}</UniqueIdentifier>
    </Filter>
  </ItemGroup>
  <ItemGroup>
    <ClCompile Include="sources\main.c">
      <Filter>Source Files\sources</Filter>
    </ClCompile>
    <ClCompile Include="sources\dllist\dllist.c">
      <Filter>Source Files\sources\dllist</Filter>
    </ClCompile>
    <ClCompile Include="sources\tests\tests.c">
      <Filter>Source Files\sources\test</Filter>
    </ClCompile>
  </ItemGroup>
  <ItemGroup>
    <ClInclude Include="sources\dllist\dllist.h">
      <Filter>Header Files\sources\dllist</Filter>
    </ClInclude>
    <ClInclude Include="sources\tests\tests.h">
      <Filter>Header Files\sources\tests</Filter>
    </ClInclude>
  </ItemGroup>
</Project>